
Microsoft Visual Studio Solution File, Format Version 11.00
# Visual Studio Version 17

Project("{8BC9CEB8-8B4A-11D0-8D11-00A0C91BC942}") = "CustomEQ - Standalone Plugin", "CustomEQ_StandalonePlugin.vcxproj", "{C82356BB-6260-E914-6BD2-145C681D63B2}"
	ProjectSection(ProjectDependencies) = postProject
		{37AE4A7C-960D-8511-9E08-302B97C46506} = {37AE4A7C-960D-8511-9E08-302B97C46506}
	EndProjectSection
EndProject
Project("{8BC9CEB8-8B4A-11D0-8D11-00A0C91BC942}") = "CustomEQ - VST3", "CustomEQ_VST3.vcxproj", "{3595C7D5-75E9-B2FA-5E3B-86E5065C8653}"
	ProjectSection(ProjectDependencies) = postProject
		{37AE4A7C-960D-8511-9E08-302B97C46506} = {37AE4A7C-960D-8511-9E08-302B97C46506}
		{8AABAED5-6B53-EDB4-6F9D-B1E8B4F95480} = {8AABAED5-6B53-EDB4-6F9D-B1E8B4F95480}
	EndProjectSection
EndProject
Project("{8BC9CEB8-8B4A-11D0-8D11-00A0C91BC942}") = "CustomEQ - Shared Code", "CustomEQ_SharedCode.vcxproj", "{37AE4A7C-960D-8511-9E08-302B97C46506}"
EndProject
Project("{8BC9CEB8-8B4A-11D0-8D11-00A0C91BC942}") = "CustomEQ - VST3 Manifest Helper", "CustomEQ_VST3ManifestHelper.vcxproj", "{8AABAED5-6B53-EDB4-6F9D-B1E8B4F95480}"
EndProject
Global
	GlobalSection(SolutionConfigurationPlatforms) = preSolution
		Debug|x64 = Debug|x64
		Release|x64 = Release|x64
	EndGlobalSection
	GlobalSection(ProjectConfigurationPlatforms) = postSolution
		{3595C7D5-75E9-B2FA-5E3B-86E5065C8653}.Debug|x64.ActiveCfg = Debug|x64
		{3595C7D5-75E9-B2FA-5E3B-86E5065C8653}.Debug|x64.Build.0 = Debug|x64
		{3595C7D5-75E9-B2FA-5E3B-86E5065C8653}.Release|x64.ActiveCfg = Release|x64
		{3595C7D5-75E9-B2FA-5E3B-86E5065C8653}.Release|x64.Build.0 = Release|x64
		{C82356BB-6260-E914-6BD2-145C681D63B2}.Debug|x64.ActiveCfg = Debug|x64
		{C82356BB-6260-E914-6BD2-145C681D63B2}.Debug|x64.Build.0 = Debug|x64
		{C82356BB-6260-E914-6BD2-145C681D63B2}.Release|x64.ActiveCfg = Release|x64
		{C82356BB-6260-E914-6BD2-145C681D63B2}.Release|x64.Build.0 = Release|x64
		{37AE4A7C-960D-8511-9E08-302B97C46506}.Debug|x64.ActiveCfg = Debug|x64
		{37AE4A7C-960D-8511-9E08-302B97C46506}.Debug|x64.Build.0 = Debug|x64
		{37AE4A7C-960D-8511-9E08-302B97C46506}.Release|x64.ActiveCfg = Release|x64
		{37AE4A7C-960D-8511-9E08-302B97C46506}.Release|x64.Build.0 = Release|x64
		{8AABAED5-6B53-EDB4-6F9D-B1E8B4F95480}.Debug|x64.ActiveCfg = Debug|x64
		{8AABAED5-6B53-EDB4-6F9D-B1E8B4F95480}.Debug|x64.Build.0 = Debug|x64
		{8AABAED5-6B53-EDB4-6F9D-B1E8B4F95480}.Release|x64.ActiveCfg = Release|x64
		{8AABAED5-6B53-EDB4-6F9D-B1E8B4F95480}.Release|x64.Build.0 = Release|x64
	EndGlobalSection
	GlobalSection(SolutionProperties) = preSolution
		HideSolutionNode = FALSE
	EndGlobalSection
EndGlobal
